
Microsoft Visual Studio Solution File, Format Version 12.00
# Visual Studio 15
VisualStudioVersion = 15.0.33026.149
MinimumVisualStudioVersion = 10.0.40219.1
Project("{FAE04EC0-301F-11D3-BF4B-00C04F79EFBC}") = "BANCO", "BANCO\BANCO.csproj", "{F8628124-2623-051E-3C54-492B318CC3D6}"
EndProject
Global
	GlobalSection(SolutionConfigurationPlatforms) = preSolution
		Debug|Any CPU = Debug|Any CPU
		Release|Any CPU = Release|Any CPU
	EndGlobalSection
	GlobalSection(ProjectConfigurationPlatforms) = postSolution
		{F8628124-2623-051E-3C54-492B318CC3D6}.Debug|Any CPU.ActiveCfg = Debug|Any CPU
		{F8628124-2623-051E-3C54-492B318CC3D6}.Debug|Any CPU.Build.0 = Debug|Any CPU
		{F8628124-2623-051E-3C54-492B318CC3D6}.Release|Any CPU.ActiveCfg = Release|Any CPU
		{F8628124-2623-051E-3C54-492B318CC3D6}.Release|Any CPU.Build.0 = Release|Any CPU
	EndGlobalSection
	GlobalSection(SolutionProperties) = preSolution
		HideSolutionNode = FALSE
	EndGlobalSection
	GlobalSection(ExtensibilityGlobals) = postSolution
		SolutionGuid = {91201775-A2FB-41C3-8401-85A92342CB5F}
	EndGlobalSection
EndGlobal
